
Microsoft Visual Studio Solution File, Format Version 12.00
# Visual Studio 14
VisualStudioVersion = 14.0.24720.0
MinimumVisualStudioVersion = 10.0.40219.1
Project("{FAE04EC0-301F-11D3-BF4B-00C04F79EFBC}") = "On3Spider", "On3Spider\On3Spider.csproj", "{44D6029C-F856-489A-A609-9098B367AC26}"
EndProject
Project("{FAE04EC0-301F-11D3-BF4B-00C04F79EFBC}") = "SpiderEngine", "SpiderEngine\SpiderEngine.csproj", "{7648AB52-6352-4782-AAA8-981E83E94D20}"
EndProject
Global
	GlobalSection(SolutionConfigurationPlatforms) = preSolution
		Debug|Any CPU = Debug|Any CPU
		Release|Any CPU = Release|Any CPU
	EndGlobalSection
	GlobalSection(ProjectConfigurationPlatforms) = postSolution
		{44D6029C-F856-489A-A609-9098B367AC26}.Debug|Any CPU.ActiveCfg = Debug|Any CPU
		{44D6029C-F856-489A-A609-9098B367AC26}.Debug|Any CPU.Build.0 = Debug|Any CPU
		{44D6029C-F856-489A-A609-9098B367AC26}.Release|Any CPU.ActiveCfg = Release|Any CPU
		{44D6029C-F856-489A-A609-9098B367AC26}.Release|Any CPU.Build.0 = Release|Any CPU
		{7648AB52-6352-4782-AAA8-981E83E94D20}.Debug|Any CPU.ActiveCfg = Debug|Any CPU
		{7648AB52-6352-4782-AAA8-981E83E94D20}.Debug|Any CPU.Build.0 = Debug|Any CPU
		{7648AB52-6352-4782-AAA8-981E83E94D20}.Release|Any CPU.ActiveCfg = Release|Any CPU
		{7648AB52-6352-4782-AAA8-981E83E94D20}.Release|Any CPU.Build.0 = Release|Any CPU
	EndGlobalSection
	GlobalSection(SolutionProperties) = preSolution
		HideSolutionNode = FALSE
	EndGlobalSection
EndGlobal
